Microsoft Visual Studio Solution File, Format Version 12.00
# Visual Studio Version 17
VisualStudioVersion = 17.5.2.0
MinimumVisualStudioVersion = 10.0.40219.1
Project("{FAE04EC0-301F-11D3-BF4B-00C04F79EFBC}") = "ArtGalleryApi", "ArtGalleryApi\ArtGalleryApi.csproj", "{2FBB0DC3-70C6-364D-C791-82D8FE954DE0}"
EndProject
Global
	GlobalSection(SolutionConfigurationPlatforms) = preSolution
		Debug|Any CPU = Debug|Any CPU
		Release|Any CPU = Release|Any CPU
	EndGlobalSection
	GlobalSection(ProjectConfigurationPlatforms) = postSolution
		{2FBB0DC3-70C6-364D-C791-82D8FE954DE0}.Debug|Any CPU.ActiveCfg = Debug|Any CPU
		{2FBB0DC3-70C6-364D-C791-82D8FE954DE0}.Debug|Any CPU.Build.0 = Debug|Any CPU
		{2FBB0DC3-70C6-364D-C791-82D8FE954DE0}.Release|Any CPU.ActiveCfg = Release|Any CPU
		{2FBB0DC3-70C6-364D-C791-82D8FE954DE0}.Release|Any CPU.Build.0 = Release|Any CPU
	EndGlobalSection
	GlobalSection(SolutionProperties) = preSolution
		HideSolutionNode = FALSE
	EndGlobalSection
	GlobalSection(ExtensibilityGlobals) = postSolution
		SolutionGuid = {C56938AD-C898-409F-B42F-4F7D14EA1832}
	EndGlobalSection
EndGlobal
